# This file is automatically @generated by Cargo.
# It is not intended for manual editing.
version = 4

[[package]]
name = "dj-ext-adsr"
version = "0.1.0"
dependencies = [
 "dj-module-sdk",
]

[[package]]
name = "dj-ext-clock"
version = "0.1.0"
dependencies = [
 "dj-module-sdk",
]

[[package]]
name = "dj-ext-euclid"
version = "0.1.0"
dependencies = [
 "dj-module-sdk",
]

[[package]]
name = "dj-ext-oscillator"
version = "0.1.0"
dependencies = [
 "dj-module-sdk",
]

[[package]]
name = "dj-ext-step-seq"
version = "0.1.0"
dependencies = [
 "dj-module-sdk",
]

[[package]]
name = "dj-ext-trig-seq"
version = "0.1.0"
dependencies = [
 "dj-module-sdk",
]

[[package]]
name = "dj-ext-turing"
version = "0.1.0"
dependencies = [
 "dj-module-sdk",
]

[[package]]
name = "dj-ext-vca"
version = "0.1.0"
dependencies = [
 "dj-module-sdk",
]

[[package]]
name = "dj-module-sdk"
version = "0.1.0"
