# This file is automatically @generated by Cargo.
# It is not intended for manual editing.
version = 4

[[package]]
name = "dj-ext-adsr"
version = "0.1.0"
dependencies = [
 "dj-module-sdk",
]

[[package]]
name = "dj-ext-attenuverter"
version = "0.1.0"
dependencies = [
 "dj-module-sdk",
]

[[package]]
name = "dj-ext-camera"
version = "0.1.0"
dependencies = [
 "dj-module-sdk",
]

[[package]]
name = "dj-ext-clock"
version = "0.1.0"
dependencies = [
 "dj-module-sdk",
]

[[package]]
name = "dj-ext-compressor"
version = "0.1.0"
dependencies = [
 "dj-module-sdk",
]

[[package]]
name = "dj-ext-delay"
version = "0.1.0"
dependencies = [
 "dj-module-sdk",
]

[[package]]
name = "dj-ext-drum"
version = "0.1.0"
dependencies = [
 "dj-module-sdk",
]

[[package]]
name = "dj-ext-euclid"
version = "0.1.0"
dependencies = [
 "dj-module-sdk",
]

[[package]]
name = "dj-ext-filter"
version = "0.1.0"
dependencies = [
 "dj-module-sdk",
]

[[package]]
name = "dj-ext-function"
version = "0.1.0"
dependencies = [
 "dj-module-sdk",
]

[[package]]
name = "dj-ext-granular"
version = "0.1.0"
dependencies = [
 "dj-module-sdk",
]

[[package]]
name = "dj-ext-lfo"
version = "0.1.0"
dependencies = [
 "dj-module-sdk",
]

[[package]]
name = "dj-ext-logic"
version = "0.1.0"
dependencies = [
 "dj-module-sdk",
]

[[package]]
name = "dj-ext-mixer"
version = "0.1.0"
dependencies = [
 "dj-module-sdk",
]

[[package]]
name = "dj-ext-modfx"
version = "0.1.0"
dependencies = [
 "dj-module-sdk",
]

[[package]]
name = "dj-ext-mult"
version = "0.1.0"
dependencies = [
 "dj-module-sdk",
]

[[package]]
name = "dj-ext-noise"
version = "0.1.0"
dependencies = [
 "dj-module-sdk",
]

[[package]]
name = "dj-ext-oscillator"
version = "0.1.0"
dependencies = [
 "dj-module-sdk",
]

[[package]]
name = "dj-ext-quantizer"
version = "0.1.0"
dependencies = [
 "dj-module-sdk",
]

[[package]]
name = "dj-ext-resonator"
version = "0.1.0"
dependencies = [
 "dj-module-sdk",
]

[[package]]
name = "dj-ext-reverb"
version = "0.1.0"
dependencies = [
 "dj-module-sdk",
]

[[package]]
name = "dj-ext-sample-hold"
version = "0.1.0"
dependencies = [
 "dj-module-sdk",
]

[[package]]
name = "dj-ext-scope"
version = "0.1.0"
dependencies = [
 "dj-module-sdk",
]

[[package]]
name = "dj-ext-seq-switch"
version = "0.1.0"
dependencies = [
 "dj-module-sdk",
]

[[package]]
name = "dj-ext-step-seq"
version = "0.1.0"
dependencies = [
 "dj-module-sdk",
]

[[package]]
name = "dj-ext-trig-seq"
version = "0.1.0"
dependencies = [
 "dj-module-sdk",
]

[[package]]
name = "dj-ext-turing"
version = "0.1.0"
dependencies = [
 "dj-module-sdk",
]

[[package]]
name = "dj-ext-vca"
version = "0.1.0"
dependencies = [
 "dj-module-sdk",
]

[[package]]
name = "dj-ext-vca-dual"
version = "0.1.0"
dependencies = [
 "dj-module-sdk",
]

[[package]]
name = "dj-ext-vco"
version = "0.1.0"
dependencies = [
 "dj-module-sdk",
]

[[package]]
name = "dj-ext-waveshaper"
version = "0.1.0"
dependencies = [
 "dj-module-sdk",
]

[[package]]
name = "dj-ext-wavetable"
version = "0.1.0"
dependencies = [
 "dj-module-sdk",
]

[[package]]
name = "dj-module-sdk"
version = "0.1.0"
